// !$*UTF8*$!
{
	archiveVersion = 1;
	classes = {
	};
	objectVersion = 50;
	objects = {

/* Begin PBXBuildFile section */
		2D2784022357ADD400DD0C9F /* ThreadFooterView.xib in Resources */ = {isa = PBXBuildFile; fileRef = 2D2784012357ADD300DD0C9F /* ThreadFooterView.xib */; };
		2D2784042357B16A00DD0C9F /* ThreadFooterView.swift in Sources */ = {isa = PBXBuildFile; fileRef = 2D2784032357B16A00DD0C9F /* ThreadFooterView.swift */; };
		2D3093502384403100FE1D32 /* SettingsTableViewCell.swift in Sources */ = {isa = PBXBuildFile; fileRef = 2D30934E2384403100FE1D32 /* SettingsTableViewCell.swift */; };
		2D3093512384403100FE1D32 /* SettingsTableViewCell.xib in Resources */ = {isa = PBXBuildFile; fileRef = 2D30934F2384403100FE1D32 /* SettingsTableViewCell.xib */; };
		2D3093562384691F00FE1D32 /* MultipleOptionsTableViewCell.swift in Sources */ = {isa = PBXBuildFile; fileRef = 2D3093542384691F00FE1D32 /* MultipleOptionsTableViewCell.swift */; };
		2D3093572384691F00FE1D32 /* MultipleOptionsTableViewCell.xib in Resources */ = {isa = PBXBuildFile; fileRef = 2D3093552384691F00FE1D32 /* MultipleOptionsTableViewCell.xib */; };
		2D3093A52386D22A00FE1D32 /* SwiftWebVCActivityChrome.swift in Sources */ = {isa = PBXBuildFile; fileRef = 2D3093912386D22900FE1D32 /* SwiftWebVCActivityChrome.swift */; };
		2D3093A62386D22A00FE1D32 /* SwiftWebVC.strings in Resources */ = {isa = PBXBuildFile; fileRef = 2D3093932386D22900FE1D32 /* SwiftWebVC.strings */; };
		2D3093A72386D22A00FE1D32 /* SwiftWebVCActivity.swift in Sources */ = {isa = PBXBuildFile; fileRef = 2D30939F2386D22900FE1D32 /* SwiftWebVCActivity.swift */; };
		2D3093A82386D22A00FE1D32 /* Media.xcassets in Resources */ = {isa = PBXBuildFile; fileRef = 2D3093A12386D22900FE1D32 /* Media.xcassets */; };
		2D3093A92386D22A00FE1D32 /* SwiftModalWebVC.swift in Sources */ = {isa = PBXBuildFile; fileRef = 2D3093A22386D22900FE1D32 /* SwiftModalWebVC.swift */; };
		2D3093AA2386D22A00FE1D32 /* SwiftWebVCActivitySafari.swift in Sources */ = {isa = PBXBuildFile; fileRef = 2D3093A32386D22900FE1D32 /* SwiftWebVCActivitySafari.swift */; };
		2D3093AB2386D22A00FE1D32 /* SwiftWebVC.swift in Sources */ = {isa = PBXBuildFile; fileRef = 2D3093A42386D22900FE1D32 /* SwiftWebVC.swift */; };
		2D5034A12390449F0016BBE7 /* SettingsViewController.swift in Sources */ = {isa = PBXBuildFile; fileRef = 2D309348238429C100FE1D32 /* SettingsViewController.swift */; };
		2D5034A2239044AD0016BBE7 /* SettingsViewController.xib in Resources */ = {isa = PBXBuildFile; fileRef = 2D309352238441B800FE1D32 /* SettingsViewController.xib */; };
		2D57A6F5235F7006001DEBE8 /* SDWebImage.framework in Frameworks */ = {isa = PBXBuildFile; fileRef = 2D57A6F4235F7006001DEBE8 /* SDWebImage.framework */; };
		2D879B732388291500BE56D0 /* ThreadViewModel.swift in Sources */ = {isa = PBXBuildFile; fileRef = 2D879B722388291500BE56D0 /* ThreadViewModel.swift */; };
		2D879B752388294900BE56D0 /* PageViewModel.swift in Sources */ = {isa = PBXBuildFile; fileRef = 2D879B742388294900BE56D0 /* PageViewModel.swift */; };
		2DD9C31923576EBA00A14EE4 /* ImageViewerViewController.xib in Resources */ = {isa = PBXBuildFile; fileRef = 2DD9C31823576EBA00A14EE4 /* ImageViewerViewController.xib */; };
		2DDB9D7B234BAE0F002C249F /* BaseNavigationController.swift in Sources */ = {isa = PBXBuildFile; fileRef = 2DDB9D7A234BAE0F002C249F /* BaseNavigationController.swift */; };
		810B4A052327CCF100E7ECC9 /* PlaybackViewController.swift in Sources */ = {isa = PBXBuildFile; fileRef = 810B4A032327CCF100E7ECC9 /* PlaybackViewController.swift */; };
		810B4A062327CCF100E7ECC9 /* PlaybackViewController.xib in Resources */ = {isa = PBXBuildFile; fileRef = 810B4A042327CCF100E7ECC9 /* PlaybackViewController.xib */; };
		814C458B22F4BFF8007007C5 /* Service.swift in Sources */ = {isa = PBXBuildFile; fileRef = 814C458A22F4BFF8007007C5 /* Service.swift */; };
		814C458D22F4C67F007007C5 /* Post.swift in Sources */ = {isa = PBXBuildFile; fileRef = 814C458C22F4C67F007007C5 /* Post.swift */; };
		814C458F22F86194007007C5 /* PostTableViewCell.swift in Sources */ = {isa = PBXBuildFile; fileRef = 814C458E22F86194007007C5 /* PostTableViewCell.swift */; };
		814C459322F868A9007007C5 /* Cartfile in Resources */ = {isa = PBXBuildFile; fileRef = 814C459222F868A9007007C5 /* Cartfile */; };
		814CD0792315ABAF0097A23E /* ImageViewerViewController.swift in Sources */ = {isa = PBXBuildFile; fileRef = 814CD0782315ABAF0097A23E /* ImageViewerViewController.swift */; };
		816ED39922FDB1AC00E13C9E /* PostViewModel.swift in Sources */ = {isa = PBXBuildFile; fileRef = 816ED39822FDB1AC00E13C9E /* PostViewModel.swift */; };
		81921BE122F468DD007F4EFC /* AppDelegate.swift in Sources */ = {isa = PBXBuildFile; fileRef = 81921BE022F468DD007F4EFC /* AppDelegate.swift */; };
		81921BE322F468DD007F4EFC /* BoardPagesViewController.swift in Sources */ = {isa = PBXBuildFile; fileRef = 81921BE222F468DD007F4EFC /* BoardPagesViewController.swift */; };
		81921BE622F468DD007F4EFC /* Main.storyboard in Resources */ = {isa = PBXBuildFile; fileRef = 81921BE422F468DD007F4EFC /* Main.storyboard */; };
		81921BE822F468DE007F4EFC /* Assets.xcassets in Resources */ = {isa = PBXBuildFile; fileRef = 81921BE722F468DE007F4EFC /* Assets.xcassets */; };
		81921BEB22F468DE007F4EFC /* LaunchScreen.storyboard in Resources */ = {isa = PBXBuildFile; fileRef = 81921BE922F468DE007F4EFC /* LaunchScreen.storyboard */; };
		81AC6B92231D53A400502931 /* Board.swift in Sources */ = {isa = PBXBuildFile; fileRef = 81AC6B91231D53A400502931 /* Board.swift */; };
		81B7896E231060AB0093376D /* ThreadViewController.swift in Sources */ = {isa = PBXBuildFile; fileRef = 81B7896D231060AB0093376D /* ThreadViewController.swift */; };
		81C26732231804D80060D8A1 /* BoardsViewModel.swift in Sources */ = {isa = PBXBuildFile; fileRef = 81C26731231804D80060D8A1 /* BoardsViewModel.swift */; };
		F29872612382F23E00BC9000 /* Extensions.swift in Sources */ = {isa = PBXBuildFile; fileRef = F29872602382F23E00BC9000 /* Extensions.swift */; };
		F29872642382F32800BC9000 /* Delegates.swift in Sources */ = {isa = PBXBuildFile; fileRef = F29872632382F32800BC9000 /* Delegates.swift */; };
		F2BAFFE223495AAB006D2CEE /* PostCell.xib in Resources */ = {isa = PBXBuildFile; fileRef = F2BAFFE123495AAB006D2CEE /* PostCell.xib */; };
		F2C400DC232734ED00BFCC89 /* QuartzCore.framework in Frameworks */ = {isa = PBXBuildFile; fileRef = F2C400D2232734EB00BFCC89 /* QuartzCore.framework */; };
		F2C400DD232734ED00BFCC89 /* CoreVideo.framework in Frameworks */ = {isa = PBXBuildFile; fileRef = F2C400D3232734EC00BFCC89 /* CoreVideo.framework */; };
		F2C400DE232734ED00BFCC89 /* UIKit.framework in Frameworks */ = {isa = PBXBuildFile; fileRef = F2C400D4232734EC00BFCC89 /* UIKit.framework */; };
		F2C400DF232734ED00BFCC89 /* Security.framework in Frameworks */ = {isa = PBXBuildFile; fileRef = F2C400D5232734EC00BFCC89 /* Security.framework */; };
		F2C400E0232734ED00BFCC89 /* AudioToolbox.framework in Frameworks */ = {isa = PBXBuildFile; fileRef = F2C400D6232734EC00BFCC89 /* AudioToolbox.framework */; };
		F2C400E1232734ED00BFCC89 /* CoreGraphics.framework in Frameworks */ = {isa = PBXBuildFile; fileRef = F2C400D7232734EC00BFCC89 /* CoreGraphics.framework */; };
		F2C400E2232734ED00BFCC89 /* Foundation.framework in Frameworks */ = {isa = PBXBuildFile; fileRef = F2C400D8232734EC00BFCC89 /* Foundation.framework */; };
		F2C400E3232734ED00BFCC89 /* CoreFoundation.framework in Frameworks */ = {isa = PBXBuildFile; fileRef = F2C400D9232734ED00BFCC89 /* CoreFoundation.framework */; };
		F2C400E4232734ED00BFCC89 /* CoreMedia.framework in Frameworks */ = {isa = PBXBuildFile; fileRef = F2C400DA232734ED00BFCC89 /* CoreMedia.framework */; };
		F2C400E5232734ED00BFCC89 /* CoreText.framework in Frameworks */ = {isa = PBXBuildFile; fileRef = F2C400DB232734ED00BFCC89 /* CoreText.framework */; };
		F2C400E7232736A800BFCC89 /* AVFoundation.framework in Frameworks */ = {isa = PBXBuildFile; fileRef = F2C400E6232736A700BFCC89 /* AVFoundation.framework */; };
		F2C400E9232736B500BFCC89 /* CFNetwork.framework in Frameworks */ = {isa = PBXBuildFile; fileRef = F2C400E8232736B500BFCC89 /* CFNetwork.framework */; };
		F2C400EB232736E800BFCC89 /* libbz2.tbd in Frameworks */ = {isa = PBXBuildFile; fileRef = F2C400EA232736E800BFCC89 /* libbz2.tbd */; };
		F2C400ED232736F200BFCC89 /* libiconv.tbd in Frameworks */ = {isa = PBXBuildFile; fileRef = F2C400EC232736F200BFCC89 /* libiconv.tbd */; };
		F2C400EF232736FC00BFCC89 /* OpenGLES.framework in Frameworks */ = {isa = PBXBuildFile; fileRef = F2C400EE232736FB00BFCC89 /* OpenGLES.framework */; };
		F2C400F12327371000BFCC89 /* VideoToolbox.framework in Frameworks */ = {isa = PBXBuildFile; fileRef = F2C400F02327370F00BFCC89 /* VideoToolbox.framework */; };
		F2DEFCFA23273CA90031FD98 /* MobileVLCKit.framework in Frameworks */ = {isa = PBXBuildFile; fileRef = F2DEFCF923273CA90031FD98 /* MobileVLCKit.framework */; };
		F2DEFD03232AC97F0031FD98 /* libc++.tbd in Frameworks */ = {isa = PBXBuildFile; fileRef = F2DEFD02232AC97F0031FD98 /* libc++.tbd */; };
		F2DEFD06232DD4690031FD98 /* WebViewViewController.swift in Sources */ = {isa = PBXBuildFile; fileRef = F2DEFD04232DD4690031FD98 /* WebViewViewController.swift */; };
		F2DEFD07232DD4690031FD98 /* WebViewViewController.xib in Resources */ = {isa = PBXBuildFile; fileRef = F2DEFD05232DD4690031FD98 /* WebViewViewController.xib */; };
/* End PBXBuildFile section */

/* Begin PBXFileReference section */
		2D2784012357ADD300DD0C9F /* ThreadFooterView.xib */ = {isa = PBXFileReference; lastKnownFileType = file.xib; path = ThreadFooterView.xib; sourceTree = "<group>"; };
		2D2784032357B16A00DD0C9F /* ThreadFooterView.swift */ = {isa = PBXFileReference; lastKnownFileType = sourcecode.swift; path = ThreadFooterView.swift; sourceTree = "<group>"; };
		2D309348238429C100FE1D32 /* SettingsViewController.swift */ = {isa = PBXFileReference; lastKnownFileType = sourcecode.swift; path = SettingsViewController.swift; sourceTree = "<group>"; };
		2D30934E2384403100FE1D32 /* SettingsTableViewCell.swift */ = {isa = PBXFileReference; lastKnownFileType = sourcecode.swift; path = SettingsTableViewCell.swift; sourceTree = "<group>"; };
		2D30934F2384403100FE1D32 /* SettingsTableViewCell.xib */ = {isa = PBXFileReference; lastKnownFileType = file.xib; path = SettingsTableViewCell.xib; sourceTree = "<group>"; };
		2D309352238441B800FE1D32 /* SettingsViewController.xib */ = {isa = PBXFileReference; fileEncoding = 4; lastKnownFileType = file.xib; path = SettingsViewController.xib; sourceTree = "<group>"; };
		2D3093542384691F00FE1D32 /* MultipleOptionsTableViewCell.swift */ = {isa = PBXFileReference; lastKnownFileType = sourcecode.swift; path = MultipleOptionsTableViewCell.swift; sourceTree = "<group>"; };
		2D3093552384691F00FE1D32 /* MultipleOptionsTableViewCell.xib */ = {isa = PBXFileReference; lastKnownFileType = file.xib; path = MultipleOptionsTableViewCell.xib; sourceTree = "<group>"; };
		2D3093912386D22900FE1D32 /* SwiftWebVCActivityChrome.swift */ = {isa = PBXFileReference; fileEncoding = 4; lastKnownFileType = sourcecode.swift; path = SwiftWebVCActivityChrome.swift; sourceTree = "<group>"; };
		2D3093942386D22900FE1D32 /* de */ = {isa = PBXFileReference; lastKnownFileType = text.plist.strings; name = de; path = de.lproj/SwiftWebVC.strings; sourceTree = "<group>"; };
		2D3093952386D22900FE1D32 /* zh-Hans */ = {isa = PBXFileReference; lastKnownFileType = text.plist.strings; name = "zh-Hans"; path = "zh-Hans.lproj/SwiftWebVC.strings"; sourceTree = "<group>"; };
		2D3093962386D22900FE1D32 /* ja */ = {isa = PBXFileReference; lastKnownFileType = text.plist.strings; name = ja; path = ja.lproj/SwiftWebVC.strings; sourceTree = "<group>"; };
		2D3093972386D22900FE1D32 /* en */ = {isa = PBXFileReference; lastKnownFileType = text.plist.strings; name = en; path = en.lproj/SwiftWebVC.strings; sourceTree = "<group>"; };
		2D3093982386D22900FE1D32 /* es */ = {isa = PBXFileReference; lastKnownFileType = text.plist.strings; name = es; path = es.lproj/SwiftWebVC.strings; sourceTree = "<group>"; };
		2D3093992386D22900FE1D32 /* da */ = {isa = PBXFileReference; lastKnownFileType = text.plist.strings; name = da; path = da.lproj/SwiftWebVC.strings; sourceTree = "<group>"; };
		2D30939A2386D22900FE1D32 /* es-ES */ = {isa = PBXFileReference; lastKnownFileType = text.plist.strings; name = "es-ES"; path = "es-ES.lproj/SwiftWebVC.strings"; sourceTree = "<group>"; };
		2D30939B2386D22900FE1D32 /* zh-Hant */ = {isa = PBXFileReference; lastKnownFileType = text.plist.strings; name = "zh-Hant"; path = "zh-Hant.lproj/SwiftWebVC.strings"; sourceTree = "<group>"; };
		2D30939C2386D22900FE1D32 /* vi */ = {isa = PBXFileReference; lastKnownFileType = text.plist.strings; name = vi; path = vi.lproj/SwiftWebVC.strings; sourceTree = "<group>"; };
		2D30939D2386D22900FE1D32 /* fr */ = {isa = PBXFileReference; lastKnownFileType = text.plist.strings; name = fr; path = fr.lproj/SwiftWebVC.strings; sourceTree = "<group>"; };
		2D30939E2386D22900FE1D32 /* pt */ = {isa = PBXFileReference; lastKnownFileType = text.plist.strings; name = pt; path = pt.lproj/SwiftWebVC.strings; sourceTree = "<group>"; };
		2D30939F2386D22900FE1D32 /* SwiftWebVCActivity.swift */ = {isa = PBXFileReference; fileEncoding = 4; lastKnownFileType = sourcecode.swift; path = SwiftWebVCActivity.swift; sourceTree = "<group>"; };
		2D3093A12386D22900FE1D32 /* Media.xcassets */ = {isa = PBXFileReference; lastKnownFileType = folder.assetcatalog; path = Media.xcassets; sourceTree = "<group>"; };
		2D3093A22386D22900FE1D32 /* SwiftModalWebVC.swift */ = {isa = PBXFileReference; fileEncoding = 4; lastKnownFileType = sourcecode.swift; path = SwiftModalWebVC.swift; sourceTree = "<group>"; };
		2D3093A32386D22900FE1D32 /* SwiftWebVCActivitySafari.swift */ = {isa = PBXFileReference; fileEncoding = 4; lastKnownFileType = sourcecode.swift; path = SwiftWebVCActivitySafari.swift; sourceTree = "<group>"; };
		2D3093A42386D22900FE1D32 /* SwiftWebVC.swift */ = {isa = PBXFileReference; fileEncoding = 4; lastKnownFileType = sourcecode.swift; path = SwiftWebVC.swift; sourceTree = "<group>"; };
		2D57A6F4235F7006001DEBE8 /* SDWebImage.framework */ = {isa = PBXFileReference; lastKnownFileType = wrapper.framework; name = SDWebImage.framework; path = Carthage/Build/iOS/SDWebImage.framework; sourceTree = "<group>"; };
		2D879B722388291500BE56D0 /* ThreadViewModel.swift */ = {isa = PBXFileReference; lastKnownFileType = sourcecode.swift; path = ThreadViewModel.swift; sourceTree = "<group>"; };
		2D879B742388294900BE56D0 /* PageViewModel.swift */ = {isa = PBXFileReference; lastKnownFileType = sourcecode.swift; path = PageViewModel.swift; sourceTree = "<group>"; };
		2DC383E4235F6F2700B16290 /* SDWebImageMapKit.framework */ = {isa = PBXFileReference; lastKnownFileType = wrapper.framework; name = SDWebImageMapKit.framework; path = Carthage/Build/iOS/SDWebImageMapKit.framework; sourceTree = "<group>"; };
		2DD9C31823576EBA00A14EE4 /* ImageViewerViewController.xib */ = {isa = PBXFileReference; lastKnownFileType = file.xib; path = ImageViewerViewController.xib; sourceTree = "<group>"; };
		2DDB9D7A234BAE0F002C249F /* BaseNavigationController.swift */ = {isa = PBXFileReference; lastKnownFileType = sourcecode.swift; path = BaseNavigationController.swift; sourceTree = "<group>"; };
		810B4A032327CCF100E7ECC9 /* PlaybackViewController.swift */ = {isa = PBXFileReference; lastKnownFileType = sourcecode.swift; path = PlaybackViewController.swift; sourceTree = "<group>"; };
		810B4A042327CCF100E7ECC9 /* PlaybackViewController.xib */ = {isa = PBXFileReference; lastKnownFileType = file.xib; path = PlaybackViewController.xib; sourceTree = "<group>"; };
		814C458A22F4BFF8007007C5 /* Service.swift */ = {isa = PBXFileReference; lastKnownFileType = sourcecode.swift; path = Service.swift; sourceTree = "<group>"; };
		814C458C22F4C67F007007C5 /* Post.swift */ = {isa = PBXFileReference; lastKnownFileType = sourcecode.swift; path = Post.swift; sourceTree = "<group>"; };
		814C458E22F86194007007C5 /* PostTableViewCell.swift */ = {isa = PBXFileReference; lastKnownFileType = sourcecode.swift; path = PostTableViewCell.swift; sourceTree = "<group>"; };
		814C459222F868A9007007C5 /* Cartfile */ = {isa = PBXFileReference; fileEncoding = 4; lastKnownFileType = text; path = Cartfile; sourceTree = SOURCE_ROOT; };
		814CD0782315ABAF0097A23E /* ImageViewerViewController.swift */ = {isa = PBXFileReference; lastKnownFileType = sourcecode.swift; path = ImageViewerViewController.swift; sourceTree = "<group>"; };
		816ED39822FDB1AC00E13C9E /* PostViewModel.swift */ = {isa = PBXFileReference; lastKnownFileType = sourcecode.swift; path = PostViewModel.swift; sourceTree = "<group>"; };
		81921BDD22F468DD007F4EFC /* ChanDit.app */ = {isa = PBXFileReference; explicitFileType = wrapper.application; includeInIndex = 0; path = ChanDit.app; sourceTree = BUILT_PRODUCTS_DIR; };
		81921BE022F468DD007F4EFC /* AppDelegate.swift */ = {isa = PBXFileReference; lastKnownFileType = sourcecode.swift; path = AppDelegate.swift; sourceTree = "<group>"; };
		81921BE222F468DD007F4EFC /* BoardPagesViewController.swift */ = {isa = PBXFileReference; lastKnownFileType = sourcecode.swift; path = BoardPagesViewController.swift; sourceTree = "<group>"; };
		81921BE522F468DD007F4EFC /* Base */ = {isa = PBXFileReference; lastKnownFileType = file.storyboard; name = Base; path = Base.lproj/Main.storyboard; sourceTree = "<group>"; };
		81921BE722F468DE007F4EFC /* Assets.xcassets */ = {isa = PBXFileReference; lastKnownFileType = folder.assetcatalog; path = Assets.xcassets; sourceTree = "<group>"; };
		81921BEA22F468DE007F4EFC /* Base */ = {isa = PBXFileReference; lastKnownFileType = file.storyboard; name = Base; path = Base.lproj/LaunchScreen.storyboard; sourceTree = "<group>"; };
		81921BEC22F468DE007F4EFC /* Info.plist */ = {isa = PBXFileReference; lastKnownFileType = text.plist.xml; path = Info.plist; sourceTree = "<group>"; };
		81AC6B91231D53A400502931 /* Board.swift */ = {isa = PBXFileReference; lastKnownFileType = sourcecode.swift; path = Board.swift; sourceTree = "<group>"; };
		81B7896D231060AB0093376D /* ThreadViewController.swift */ = {isa = PBXFileReference; lastKnownFileType = sourcecode.swift; path = ThreadViewController.swift; sourceTree = "<group>"; };
		81C26731231804D80060D8A1 /* BoardsViewModel.swift */ = {isa = PBXFileReference; lastKnownFileType = sourcecode.swift; path = BoardsViewModel.swift; sourceTree = "<group>"; };
		F29872602382F23E00BC9000 /* Extensions.swift */ = {isa = PBXFileReference; lastKnownFileType = sourcecode.swift; path = Extensions.swift; sourceTree = "<group>"; };
		F29872632382F32800BC9000 /* Delegates.swift */ = {isa = PBXFileReference; lastKnownFileType = sourcecode.swift; path = Delegates.swift; sourceTree = "<group>"; };
		F2BAFFE123495AAB006D2CEE /* PostCell.xib */ = {isa = PBXFileReference; lastKnownFileType = file.xib; path = PostCell.xib; sourceTree = "<group>"; };
		F2C400D2232734EB00BFCC89 /* QuartzCore.framework */ = {isa = PBXFileReference; lastKnownFileType = wrapper.framework; name = QuartzCore.framework; path = System/Library/Frameworks/QuartzCore.framework; sourceTree = SDKROOT; };
		F2C400D3232734EC00BFCC89 /* CoreVideo.framework */ = {isa = PBXFileReference; lastKnownFileType = wrapper.framework; name = CoreVideo.framework; path = System/Library/Frameworks/CoreVideo.framework; sourceTree = SDKROOT; };
		F2C400D4232734EC00BFCC89 /* UIKit.framework */ = {isa = PBXFileReference; lastKnownFileType = wrapper.framework; name = UIKit.framework; path = System/Library/Frameworks/UIKit.framework; sourceTree = SDKROOT; };
		F2C400D5232734EC00BFCC89 /* Security.framework */ = {isa = PBXFileReference; lastKnownFileType = wrapper.framework; name = Security.framework; path = System/Library/Frameworks/Security.framework; sourceTree = SDKROOT; };
		F2C400D6232734EC00BFCC89 /* AudioToolbox.framework */ = {isa = PBXFileReference; lastKnownFileType = wrapper.framework; name = AudioToolbox.framework; path = System/Library/Frameworks/AudioToolbox.framework; sourceTree = SDKROOT; };
		F2C400D7232734EC00BFCC89 /* CoreGraphics.framework */ = {isa = PBXFileReference; lastKnownFileType = wrapper.framework; name = CoreGraphics.framework; path = System/Library/Frameworks/CoreGraphics.framework; sourceTree = SDKROOT; };
		F2C400D8232734EC00BFCC89 /* Foundation.framework */ = {isa = PBXFileReference; lastKnownFileType = wrapper.framework; name = Foundation.framework; path = System/Library/Frameworks/Foundation.framework; sourceTree = SDKROOT; };
		F2C400D9232734ED00BFCC89 /* CoreFoundation.framework */ = {isa = PBXFileReference; lastKnownFileType = wrapper.framework; name = CoreFoundation.framework; path = System/Library/Frameworks/CoreFoundation.framework; sourceTree = SDKROOT; };
		F2C400DA232734ED00BFCC89 /* CoreMedia.framework */ = {isa = PBXFileReference; lastKnownFileType = wrapper.framework; name = CoreMedia.framework; path = System/Library/Frameworks/CoreMedia.framework; sourceTree = SDKROOT; };
		F2C400DB232734ED00BFCC89 /* CoreText.framework */ = {isa = PBXFileReference; lastKnownFileType = wrapper.framework; name = CoreText.framework; path = System/Library/Frameworks/CoreText.framework; sourceTree = SDKROOT; };
		F2C400E6232736A700BFCC89 /* AVFoundation.framework */ = {isa = PBXFileReference; lastKnownFileType = wrapper.framework; name = AVFoundation.framework; path = System/Library/Frameworks/AVFoundation.framework; sourceTree = SDKROOT; };
		F2C400E8232736B500BFCC89 /* CFNetwork.framework */ = {isa = PBXFileReference; lastKnownFileType = wrapper.framework; name = CFNetwork.framework; path = System/Library/Frameworks/CFNetwork.framework; sourceTree = SDKROOT; };
		F2C400EA232736E800BFCC89 /* libbz2.tbd */ = {isa = PBXFileReference; lastKnownFileType = "sourcecode.text-based-dylib-definition"; name = libbz2.tbd; path = usr/lib/libbz2.tbd; sourceTree = SDKROOT; };
		F2C400EC232736F200BFCC89 /* libiconv.tbd */ = {isa = PBXFileReference; lastKnownFileType = "sourcecode.text-based-dylib-definition"; name = libiconv.tbd; path = usr/lib/libiconv.tbd; sourceTree = SDKROOT; };
		F2C400EE232736FB00BFCC89 /* OpenGLES.framework */ = {isa = PBXFileReference; lastKnownFileType = wrapper.framework; name = OpenGLES.framework; path = System/Library/Frameworks/OpenGLES.framework; sourceTree = SDKROOT; };
		F2C400F02327370F00BFCC89 /* VideoToolbox.framework */ = {isa = PBXFileReference; lastKnownFileType = wrapper.framework; name = VideoToolbox.framework; path = System/Library/Frameworks/VideoToolbox.framework; sourceTree = SDKROOT; };
		F2DEFCF923273CA90031FD98 /* MobileVLCKit.framework */ = {isa = PBXFileReference; lastKnownFileType = wrapper.framework; name = MobileVLCKit.framework; path = Carthage/Build/iOS/MobileVLCKit.framework; sourceTree = "<group>"; };
		F2DEFCFB23273D840031FD98 /* SwiftSimplePlayback-Bridging-Header.h */ = {isa = PBXFileReference; fileEncoding = 4; lastKnownFileType = sourcecode.c.h; path = "SwiftSimplePlayback-Bridging-Header.h"; sourceTree = "<group>"; };
		F2DEFD02232AC97F0031FD98 /* libc++.tbd */ = {isa = PBXFileReference; lastKnownFileType = "sourcecode.text-based-dylib-definition"; name = "libc++.tbd"; path = "usr/lib/libc++.tbd"; sourceTree = SDKROOT; };
		F2DEFD04232DD4690031FD98 /* WebViewViewController.swift */ = {isa = PBXFileReference; lastKnownFileType = sourcecode.swift; path = WebViewViewController.swift; sourceTree = "<group>"; };
		F2DEFD05232DD4690031FD98 /* WebViewViewController.xib */ = {isa = PBXFileReference; lastKnownFileType = file.xib; path = WebViewViewController.xib; sourceTree = "<group>"; };
/* End PBXFileReference section */

/* Begin PBXFrameworksBuildPhase section */
		81921BDA22F468DD007F4EFC /* Frameworks */ = {
			isa = PBXFrameworksBuildPhase;
			buildActionMask = 2147483647;
			files = (
				F2DEFD03232AC97F0031FD98 /* libc++.tbd in Frameworks */,
				F2DEFCFA23273CA90031FD98 /* MobileVLCKit.framework in Frameworks */,
				F2C400F12327371000BFCC89 /* VideoToolbox.framework in Frameworks */,
				F2C400EF232736FC00BFCC89 /* OpenGLES.framework in Frameworks */,
				F2C400ED232736F200BFCC89 /* libiconv.tbd in Frameworks */,
				F2C400EB232736E800BFCC89 /* libbz2.tbd in Frameworks */,
				F2C400E0232734ED00BFCC89 /* AudioToolbox.framework in Frameworks */,
				F2C400E7232736A800BFCC89 /* AVFoundation.framework in Frameworks */,
				F2C400E9232736B500BFCC89 /* CFNetwork.framework in Frameworks */,
				F2C400E3232734ED00BFCC89 /* CoreFoundation.framework in Frameworks */,
				F2C400DD232734ED00BFCC89 /* CoreVideo.framework in Frameworks */,
				F2C400E4232734ED00BFCC89 /* CoreMedia.framework in Frameworks */,
				F2C400E1232734ED00BFCC89 /* CoreGraphics.framework in Frameworks */,
				F2C400E5232734ED00BFCC89 /* CoreText.framework in Frameworks */,
				F2C400DC232734ED00BFCC89 /* QuartzCore.framework in Frameworks */,
				F2C400DE232734ED00BFCC89 /* UIKit.framework in Frameworks */,
				2D57A6F5235F7006001DEBE8 /* SDWebImage.framework in Frameworks */,
				F2C400DF232734ED00BFCC89 /* Security.framework in Frameworks */,
				F2C400E2232734ED00BFCC89 /* Foundation.framework in Frameworks */,
			);
			runOnlyForDeploymentPostprocessing = 0;
		};
/* End PBXFrameworksBuildPhase section */

/* Begin PBXGroup section */
		2D3093902386D22900FE1D32 /* SwiftWebVC */ = {
			isa = PBXGroup;
			children = (
				2D3093912386D22900FE1D32 /* SwiftWebVCActivityChrome.swift */,
				2D3093922386D22900FE1D32 /* Strings */,
				2D30939F2386D22900FE1D32 /* SwiftWebVCActivity.swift */,
				2D3093A02386D22900FE1D32 /* Resources */,
				2D3093A22386D22900FE1D32 /* SwiftModalWebVC.swift */,
				2D3093A32386D22900FE1D32 /* SwiftWebVCActivitySafari.swift */,
				2D3093A42386D22900FE1D32 /* SwiftWebVC.swift */,
			);
			path = SwiftWebVC;
			sourceTree = "<group>";
		};
		2D3093922386D22900FE1D32 /* Strings */ = {
			isa = PBXGroup;
			children = (
				2D3093932386D22900FE1D32 /* SwiftWebVC.strings */,
			);
			path = Strings;
			sourceTree = "<group>";
		};
		2D3093A02386D22900FE1D32 /* Resources */ = {
			isa = PBXGroup;
			children = (
				2D3093A12386D22900FE1D32 /* Media.xcassets */,
			);
			path = Resources;
			sourceTree = "<group>";
		};
		814C459622F8691C007007C5 /* Frameworks */ = {
			isa = PBXGroup;
			children = (
				2D57A6F4235F7006001DEBE8 /* SDWebImage.framework */,
				2DC383E4235F6F2700B16290 /* SDWebImageMapKit.framework */,
				F2DEFD02232AC97F0031FD98 /* libc++.tbd */,
				F2DEFCF923273CA90031FD98 /* MobileVLCKit.framework */,
				F2C400F02327370F00BFCC89 /* VideoToolbox.framework */,
				F2C400EE232736FB00BFCC89 /* OpenGLES.framework */,
				F2C400EC232736F200BFCC89 /* libiconv.tbd */,
				F2C400EA232736E800BFCC89 /* libbz2.tbd */,
				F2C400E8232736B500BFCC89 /* CFNetwork.framework */,
				F2C400E6232736A700BFCC89 /* AVFoundation.framework */,
				F2C400D6232734EC00BFCC89 /* AudioToolbox.framework */,
				F2C400D9232734ED00BFCC89 /* CoreFoundation.framework */,
				F2C400D7232734EC00BFCC89 /* CoreGraphics.framework */,
				F2C400DA232734ED00BFCC89 /* CoreMedia.framework */,
				F2C400DB232734ED00BFCC89 /* CoreText.framework */,
				F2C400D3232734EC00BFCC89 /* CoreVideo.framework */,
				F2C400D8232734EC00BFCC89 /* Foundation.framework */,
				F2C400D2232734EB00BFCC89 /* QuartzCore.framework */,
				F2C400D5232734EC00BFCC89 /* Security.framework */,
				F2C400D4232734EC00BFCC89 /* UIKit.framework */,
			);
			name = Frameworks;
			sourceTree = "<group>";
		};
		81921BD422F468DD007F4EFC = {
			isa = PBXGroup;
			children = (
				814C459222F868A9007007C5 /* Cartfile */,
				81921BDF22F468DD007F4EFC /* ChanDit */,
				81921BDE22F468DD007F4EFC /* Products */,
				814C459622F8691C007007C5 /* Frameworks */,
			);
			sourceTree = "<group>";
		};
		81921BDE22F468DD007F4EFC /* Products */ = {
			isa = PBXGroup;
			children = (
				81921BDD22F468DD007F4EFC /* ChanDit.app */,
			);
			name = Products;
			sourceTree = "<group>";
		};
		81921BDF22F468DD007F4EFC /* ChanDit */ = {
			isa = PBXGroup;
			children = (
				F2DEFCFB23273D840031FD98 /* SwiftSimplePlayback-Bridging-Header.h */,
				81921BEC22F468DE007F4EFC /* Info.plist */,
				81921BE022F468DD007F4EFC /* AppDelegate.swift */,
				81921BE722F468DE007F4EFC /* Assets.xcassets */,
				2D3093902386D22900FE1D32 /* SwiftWebVC */,
				F2C400D123233D5600BFCC89 /* Service */,
				81AC6B902319867900502931 /* Models */,
				F29872622382F2FD00BC9000 /* Extensions */,
				81AC6B8E2319865D00502931 /* View Models */,
				81AC6B8D2319865300502931 /* Controllers */,
				81AC6B8C2319864800502931 /* Cells */,
				81AC6B8F2319866B00502931 /* Storyboards */,
			);
			path = ChanDit;
			sourceTree = "<group>";
		};
		81AC6B8C2319864800502931 /* Cells */ = {
			isa = PBXGroup;
			children = (
				814C458E22F86194007007C5 /* PostTableViewCell.swift */,
				2D2784032357B16A00DD0C9F /* ThreadFooterView.swift */,
				2D3093542384691F00FE1D32 /* MultipleOptionsTableViewCell.swift */,
				2D30934E2384403100FE1D32 /* SettingsTableViewCell.swift */,
			);
			path = Cells;
			sourceTree = "<group>";
		};
		81AC6B8D2319865300502931 /* Controllers */ = {
			isa = PBXGroup;
			children = (
				81921BE222F468DD007F4EFC /* BoardPagesViewController.swift */,
				81B7896D231060AB0093376D /* ThreadViewController.swift */,
				814CD0782315ABAF0097A23E /* ImageViewerViewController.swift */,
				810B4A032327CCF100E7ECC9 /* PlaybackViewController.swift */,
				F2DEFD04232DD4690031FD98 /* WebViewViewController.swift */,
				2DDB9D7A234BAE0F002C249F /* BaseNavigationController.swift */,
				2D309348238429C100FE1D32 /* SettingsViewController.swift */,
			);
			path = Controllers;
			sourceTree = "<group>";
		};
		81AC6B8E2319865D00502931 /* View Models */ = {
			isa = PBXGroup;
			children = (
				816ED39822FDB1AC00E13C9E /* PostViewModel.swift */,
				81C26731231804D80060D8A1 /* BoardsViewModel.swift */,
				2D879B722388291500BE56D0 /* ThreadViewModel.swift */,
				2D879B742388294900BE56D0 /* PageViewModel.swift */,
			);
			path = "View Models";
			sourceTree = "<group>";
		};
		81AC6B8F2319866B00502931 /* Storyboards */ = {
			isa = PBXGroup;
			children = (
				2D30934F2384403100FE1D32 /* SettingsTableViewCell.xib */,
				2D3093552384691F00FE1D32 /* MultipleOptionsTableViewCell.xib */,
				2D309352238441B800FE1D32 /* SettingsViewController.xib */,
				F2DEFD05232DD4690031FD98 /* WebViewViewController.xib */,
				810B4A042327CCF100E7ECC9 /* PlaybackViewController.xib */,
				81921BE422F468DD007F4EFC /* Main.storyboard */,
				81921BE922F468DE007F4EFC /* LaunchScreen.storyboard */,
				F2BAFFE123495AAB006D2CEE /* PostCell.xib */,
				2DD9C31823576EBA00A14EE4 /* ImageViewerViewController.xib */,
				2D2784012357ADD300DD0C9F /* ThreadFooterView.xib */,
			);
			path = Storyboards;
			sourceTree = "<group>";
		};
		81AC6B902319867900502931 /* Models */ = {
			isa = PBXGroup;
			children = (
				814C458C22F4C67F007007C5 /* Post.swift */,
				81AC6B91231D53A400502931 /* Board.swift */,
			);
			path = Models;
			sourceTree = "<group>";
		};
		F29872622382F2FD00BC9000 /* Extensions */ = {
			isa = PBXGroup;
			children = (
				F29872602382F23E00BC9000 /* Extensions.swift */,
				F29872632382F32800BC9000 /* Delegates.swift */,
			);
			path = Extensions;
			sourceTree = "<group>";
		};
		F2C400D123233D5600BFCC89 /* Service */ = {
			isa = PBXGroup;
			children = (
				814C458A22F4BFF8007007C5 /* Service.swift */,
			);
			path = Service;
			sourceTree = "<group>";
		};
/* End PBXGroup section */

/* Begin PBXNativeTarget section */
		81921BDC22F468DD007F4EFC /* ChanDit */ = {
			isa = PBXNativeTarget;
			buildConfigurationList = 81921BEF22F468DE007F4EFC /* Build configuration list for PBXNativeTarget "ChanDit" */;
			buildPhases = (
				81921BD922F468DD007F4EFC /* Sources */,
				81921BDA22F468DD007F4EFC /* Frameworks */,
				81921BDB22F468DD007F4EFC /* Resources */,
				814C459422F868C1007007C5 /* Carthage */,
				2D57A6F92360C4EE001DEBE8 /* SwiftLint */,
			);
			buildRules = (
			);
			dependencies = (
			);
			name = ChanDit;
			productName = ChanDit;
			productReference = 81921BDD22F468DD007F4EFC /* ChanDit.app */;
			productType = "com.apple.product-type.application";
		};
/* End PBXNativeTarget section */

/* Begin PBXProject section */
		81921BD522F468DD007F4EFC /* Project object */ = {
			isa = PBXProject;
			attributes = {
				LastSwiftUpdateCheck = 1020;
				LastUpgradeCheck = 1020;
				ORGANIZATIONNAME = "Vinicius Valvassori";
				TargetAttributes = {
					81921BDC22F468DD007F4EFC = {
						CreatedOnToolsVersion = 10.2.1;
					};
				};
			};
			buildConfigurationList = 81921BD822F468DD007F4EFC /* Build configuration list for PBXProject "ChanDit" */;
			compatibilityVersion = "Xcode 9.3";
			developmentRegion = en;
			hasScannedForEncodings = 0;
			knownRegions = (
				en,
				Base,
				de,
				"zh-Hans",
				ja,
				es,
				da,
				"es-ES",
				"zh-Hant",
				vi,
				fr,
				pt,
			);
			mainGroup = 81921BD422F468DD007F4EFC;
			productRefGroup = 81921BDE22F468DD007F4EFC /* Products */;
			projectDirPath = "";
			projectRoot = "";
			targets = (
				81921BDC22F468DD007F4EFC /* ChanDit */,
			);
		};
/* End PBXProject section */

/* Begin PBXResourcesBuildPhase section */
		81921BDB22F468DD007F4EFC /* Resources */ = {
			isa = PBXResourcesBuildPhase;
			buildActionMask = 2147483647;
			files = (
				2D5034A2239044AD0016BBE7 /* SettingsViewController.xib in Resources */,
				2D3093572384691F00FE1D32 /* MultipleOptionsTableViewCell.xib in Resources */,
				2D3093A62386D22A00FE1D32 /* SwiftWebVC.strings in Resources */,
				F2DEFD07232DD4690031FD98 /* WebViewViewController.xib in Resources */,
				810B4A062327CCF100E7ECC9 /* PlaybackViewController.xib in Resources */,
				81921BEB22F468DE007F4EFC /* LaunchScreen.storyboard in Resources */,
				F2BAFFE223495AAB006D2CEE /* PostCell.xib in Resources */,
				2D3093A82386D22A00FE1D32 /* Media.xcassets in Resources */,
				2D2784022357ADD400DD0C9F /* ThreadFooterView.xib in Resources */,
				81921BE822F468DE007F4EFC /* Assets.xcassets in Resources */,
				2D3093512384403100FE1D32 /* SettingsTableViewCell.xib in Resources */,
				2DD9C31923576EBA00A14EE4 /* ImageViewerViewController.xib in Resources */,
				814C459322F868A9007007C5 /* Cartfile in Resources */,
				81921BE622F468DD007F4EFC /* Main.storyboard in Resources */,
			);
			runOnlyForDeploymentPostprocessing = 0;
		};
/* End PBXResourcesBuildPhase section */

/* Begin PBXShellScriptBuildPhase section */
		2D57A6F92360C4EE001DEBE8 /* SwiftLint */ = {
			isa = PBXShellScriptBuildPhase;
			buildActionMask = 2147483647;
			files = (
			);
			inputFileListPaths = (
			);
			inputPaths = (
			);
			name = SwiftLint;
			outputFileListPaths = (
			);
			outputPaths = (
			);
			runOnlyForDeploymentPostprocessing = 0;
			shellPath = /bin/sh;
			shellScript = "# Type a script or drag a script file from your workspace to insert its path.\nif which swiftlint >/dev/null; then\nswiftlint\nelse\necho \"warning: SwiftLint not installed, download from https://github.com/realm/SwiftLint\"\nfi\n";
		};
		814C459422F868C1007007C5 /* Carthage */ = {
			isa = PBXShellScriptBuildPhase;
			buildActionMask = 2147483647;
			files = (
			);
			inputFileListPaths = (
			);
			inputPaths = (
				"$(SRCROOT)/Carthage/Build/iOS/SDWebImage.framework",
			);
			name = Carthage;
			outputFileListPaths = (
			);
			outputPaths = (
				"$(BUILT_PRODUCTS_DIR)/$(FRAMEWORKS_FOLDER_PATH)/SDWebImage.framework",
			);
			runOnlyForDeploymentPostprocessing = 0;
			shellPath = /bin/sh;
			shellScript = "/usr/local/bin/carthage copy-frameworks\n";
		};
/* End PBXShellScriptBuildPhase section */

/* Begin PBXSourcesBuildPhase section */
		81921BD922F468DD007F4EFC /* Sources */ = {
			isa = PBXSourcesBuildPhase;
			buildActionMask = 2147483647;
			files = (
				2D5034A12390449F0016BBE7 /* SettingsViewController.swift in Sources */,
				2D3093A72386D22A00FE1D32 /* SwiftWebVCActivity.swift in Sources */,
				2D3093A52386D22A00FE1D32 /* SwiftWebVCActivityChrome.swift in Sources */,
				2D3093AB2386D22A00FE1D32 /* SwiftWebVC.swift in Sources */,
				2DDB9D7B234BAE0F002C249F /* BaseNavigationController.swift in Sources */,
				814CD0792315ABAF0097A23E /* ImageViewerViewController.swift in Sources */,
				2D3093502384403100FE1D32 /* SettingsTableViewCell.swift in Sources */,
				2D879B752388294900BE56D0 /* PageViewModel.swift in Sources */,
				2D3093AA2386D22A00FE1D32 /* SwiftWebVCActivitySafari.swift in Sources */,
				816ED39922FDB1AC00E13C9E /* PostViewModel.swift in Sources */,
				2D3093A92386D22A00FE1D32 /* SwiftModalWebVC.swift in Sources */,
				2D2784042357B16A00DD0C9F /* ThreadFooterView.swift in Sources */,
				2D3093562384691F00FE1D32 /* MultipleOptionsTableViewCell.swift in Sources */,
				81AC6B92231D53A400502931 /* Board.swift in Sources */,
				2D879B732388291500BE56D0 /* ThreadViewModel.swift in Sources */,
				810B4A052327CCF100E7ECC9 /* PlaybackViewController.swift in Sources */,
				81921BE322F468DD007F4EFC /* BoardPagesViewController.swift in Sources */,
				81921BE122F468DD007F4EFC /* AppDelegate.swift in Sources */,
				F29872642382F32800BC9000 /* Delegates.swift in Sources */,
				814C458F22F86194007007C5 /* PostTableViewCell.swift in Sources */,
				81B7896E231060AB0093376D /* ThreadViewController.swift in Sources */,
				F29872612382F23E00BC9000 /* Extensions.swift in Sources */,
				814C458B22F4BFF8007007C5 /* Service.swift in Sources */,
				814C458D22F4C67F007007C5 /* Post.swift in Sources */,
				F2DEFD06232DD4690031FD98 /* WebViewViewController.swift in Sources */,
				81C26732231804D80060D8A1 /* BoardsViewModel.swift in Sources */,
			);
			runOnlyForDeploymentPostprocessing = 0;
		};
/* End PBXSourcesBuildPhase section */

/* Begin PBXVariantGroup section */
		2D3093932386D22900FE1D32 /* SwiftWebVC.strings */ = {
			isa = PBXVariantGroup;
			children = (
				2D3093942386D22900FE1D32 /* de */,
				2D3093952386D22900FE1D32 /* zh-Hans */,
				2D3093962386D22900FE1D32 /* ja */,
				2D3093972386D22900FE1D32 /* en */,
				2D3093982386D22900FE1D32 /* es */,
				2D3093992386D22900FE1D32 /* da */,
				2D30939A2386D22900FE1D32 /* es-ES */,
				2D30939B2386D22900FE1D32 /* zh-Hant */,
				2D30939C2386D22900FE1D32 /* vi */,
				2D30939D2386D22900FE1D32 /* fr */,
				2D30939E2386D22900FE1D32 /* pt */,
			);
			name = SwiftWebVC.strings;
			sourceTree = "<group>";
		};
		81921BE422F468DD007F4EFC /* Main.storyboard */ = {
			isa = PBXVariantGroup;
			children = (
				81921BE522F468DD007F4EFC /* Base */,
			);
			name = Main.storyboard;
			sourceTree = "<group>";
		};
		81921BE922F468DE007F4EFC /* LaunchScreen.storyboard */ = {
			isa = PBXVariantGroup;
			children = (
				81921BEA22F468DE007F4EFC /* Base */,
			);
			name = LaunchScreen.storyboard;
			sourceTree = "<group>";
		};
/* End PBXVariantGroup section */

/* Begin XCBuildConfiguration section */
		81921BED22F468DE007F4EFC /* Debug */ = {
			isa = XCBuildConfiguration;
			buildSettings = {
				ALWAYS_SEARCH_USER_PATHS = NO;
				CLANG_ANALYZER_NONNULL = YES;
				CLANG_ANALYZER_NUMBER_OBJECT_CONVERSION = YES_AGGRESSIVE;
				CLANG_CXX_LANGUAGE_STANDARD = "gnu++14";
				CLANG_CXX_LIBRARY = "libc++";
				CLANG_ENABLE_MODULES = YES;
				CLANG_ENABLE_OBJC_ARC = YES;
				CLANG_ENABLE_OBJC_WEAK = YES;
				CLANG_WARN_BLOCK_CAPTURE_AUTORELEASING = YES;
				CLANG_WARN_BOOL_CONVERSION = YES;
				CLANG_WARN_COMMA = YES;
				CLANG_WARN_CONSTANT_CONVERSION = YES;
				CLANG_WARN_DEPRECATED_OBJC_IMPLEMENTATIONS = YES;
				CLANG_WARN_DIRECT_OBJC_ISA_USAGE = YES_ERROR;
				CLANG_WARN_DOCUMENTATION_COMMENTS = YES;
				CLANG_WARN_EMPTY_BODY = YES;
				CLANG_WARN_ENUM_CONVERSION = YES;
				CLANG_WARN_INFINITE_RECURSION = YES;
				CLANG_WARN_INT_CONVERSION = YES;
				CLANG_WARN_NON_LITERAL_NULL_CONVERSION = YES;
				CLANG_WARN_OBJC_IMPLICIT_RETAIN_SELF = YES;
				CLANG_WARN_OBJC_LITERAL_CONVERSION = YES;
				CLANG_WARN_OBJC_ROOT_CLASS = YES_ERROR;
				CLANG_WARN_RANGE_LOOP_ANALYSIS = YES;
				CLANG_WARN_STRICT_PROTOTYPES = YES;
				CLANG_WARN_SUSPICIOUS_MOVE = YES;
				CLANG_WARN_UNGUARDED_AVAILABILITY = YES_AGGRESSIVE;
				CLANG_WARN_UNREACHABLE_CODE = YES;
				CLANG_WARN__DUPLICATE_METHOD_MATCH = YES;
				CODE_SIGN_IDENTITY = "iPhone Developer";
				COPY_PHASE_STRIP = NO;
				DEBUG_INFORMATION_FORMAT = dwarf;
				ENABLE_STRICT_OBJC_MSGSEND = YES;
				ENABLE_TESTABILITY = YES;
				GCC_C_LANGUAGE_STANDARD = gnu11;
				GCC_DYNAMIC_NO_PIC = NO;
				GCC_NO_COMMON_BLOCKS = YES;
				GCC_OPTIMIZATION_LEVEL = 0;
				GCC_PREPROCESSOR_DEFINITIONS = (
					"DEBUG=1",
					"$(inherited)",
				);
				GCC_WARN_64_TO_32_BIT_CONVERSION = YES;
				GCC_WARN_ABOUT_RETURN_TYPE = YES_ERROR;
				GCC_WARN_UNDECLARED_SELECTOR = YES;
				GCC_WARN_UNINITIALIZED_AUTOS = YES_AGGRESSIVE;
				GCC_WARN_UNUSED_FUNCTION = YES;
				GCC_WARN_UNUSED_VARIABLE = YES;
				IPHONEOS_DEPLOYMENT_TARGET = 12.2;
				MTL_ENABLE_DEBUG_INFO = INCLUDE_SOURCE;
				MTL_FAST_MATH = YES;
				ONLY_ACTIVE_ARCH = YES;
				SDKROOT = iphoneos;
				SWIFT_ACTIVE_COMPILATION_CONDITIONS = DEBUG;
				SWIFT_OPTIMIZATION_LEVEL = "-Onone";
			};
			name = Debug;
		};
		81921BEE22F468DE007F4EFC /* Release */ = {
			isa = XCBuildConfiguration;
			buildSettings = {
				ALWAYS_SEARCH_USER_PATHS = NO;
				CLANG_ANALYZER_NONNULL = YES;
				CLANG_ANALYZER_NUMBER_OBJECT_CONVERSION = YES_AGGRESSIVE;
				CLANG_CXX_LANGUAGE_STANDARD = "gnu++14";
				CLANG_CXX_LIBRARY = "libc++";
				CLANG_ENABLE_MODULES = YES;
				CLANG_ENABLE_OBJC_ARC = YES;
				CLANG_ENABLE_OBJC_WEAK = YES;
				CLANG_WARN_BLOCK_CAPTURE_AUTORELEASING = YES;
				CLANG_WARN_BOOL_CONVERSION = YES;
				CLANG_WARN_COMMA = YES;
				CLANG_WARN_CONSTANT_CONVERSION = YES;
				CLANG_WARN_DEPRECATED_OBJC_IMPLEMENTATIONS = YES;
				CLANG_WARN_DIRECT_OBJC_ISA_USAGE = YES_ERROR;
				CLANG_WARN_DOCUMENTATION_COMMENTS = YES;
				CLANG_WARN_EMPTY_BODY = YES;
				CLANG_WARN_ENUM_CONVERSION = YES;
				CLANG_WARN_INFINITE_RECURSION = YES;
				CLANG_WARN_INT_CONVERSION = YES;
				CLANG_WARN_NON_LITERAL_NULL_CONVERSION = YES;
				CLANG_WARN_OBJC_IMPLICIT_RETAIN_SELF = YES;
				CLANG_WARN_OBJC_LITERAL_CONVERSION = YES;
				CLANG_WARN_OBJC_ROOT_CLASS = YES_ERROR;
				CLANG_WARN_RANGE_LOOP_ANALYSIS = YES;
				CLANG_WARN_STRICT_PROTOTYPES = YES;
				CLANG_WARN_SUSPICIOUS_MOVE = YES;
				CLANG_WARN_UNGUARDED_AVAILABILITY = YES_AGGRESSIVE;
				CLANG_WARN_UNREACHABLE_CODE = YES;
				CLANG_WARN__DUPLICATE_METHOD_MATCH = YES;
				CODE_SIGN_IDENTITY = "iPhone Developer";
				COPY_PHASE_STRIP = NO;
				DEBUG_INFORMATION_FORMAT = "dwarf-with-dsym";
				ENABLE_NS_ASSERTIONS = NO;
				ENABLE_STRICT_OBJC_MSGSEND = YES;
				GCC_C_LANGUAGE_STANDARD = gnu11;
				GCC_NO_COMMON_BLOCKS = YES;
				GCC_WARN_64_TO_32_BIT_CONVERSION = YES;
				GCC_WARN_ABOUT_RETURN_TYPE = YES_ERROR;
				GCC_WARN_UNDECLARED_SELECTOR = YES;
				GCC_WARN_UNINITIALIZED_AUTOS = YES_AGGRESSIVE;
				GCC_WARN_UNUSED_FUNCTION = YES;
				GCC_WARN_UNUSED_VARIABLE = YES;
				IPHONEOS_DEPLOYMENT_TARGET = 12.2;
				MTL_ENABLE_DEBUG_INFO = NO;
				MTL_FAST_MATH = YES;
				SDKROOT = iphoneos;
				SWIFT_COMPILATION_MODE = wholemodule;
				SWIFT_OPTIMIZATION_LEVEL = "-O";
				VALIDATE_PRODUCT = YES;
			};
			name = Release;
		};
		81921BF022F468DE007F4EFC /* Debug */ = {
			isa = XCBuildConfiguration;
			buildSettings = {
				ASSETCATALOG_COMPILER_APPICON_NAME = AppIcon;
				CODE_SIGN_IDENTITY = "iPhone Developer";
				CODE_SIGN_STYLE = Automatic;
				DEVELOPMENT_TEAM = 5FK8753786;
				ENABLE_BITCODE = NO;
				FRAMEWORK_SEARCH_PATHS = (
					"$(inherited)",
					"$(PROJECT_DIR)/Carthage/Build/iOS",
				);
				INFOPLIST_FILE = ChanDit/Info.plist;
				IPHONEOS_DEPLOYMENT_TARGET = 11.4;
				LD_RUNPATH_SEARCH_PATHS = (
					"$(inherited)",
					"@executable_path/Frameworks",
				);
				PRODUCT_BUNDLE_IDENTIFIER = com.digitreko.chanDit;
				PRODUCT_NAME = "$(TARGET_NAME)";
				PROVISIONING_PROFILE_SPECIFIER = "";
				SWIFT_OBJC_BRIDGING_HEADER = "$(SRCROOT)/ChanDit/SwiftSimplePlayback-Bridging-Header.h";
				SWIFT_VERSION = 5.0;
				TARGETED_DEVICE_FAMILY = 1;
			};
			name = Debug;
		};
		81921BF122F468DE007F4EFC /* Release */ = {
			isa = XCBuildConfiguration;
			buildSettings = {
				ASSETCATALOG_COMPILER_APPICON_NAME = AppIcon;
				CODE_SIGN_IDENTITY = "iPhone Developer";
				CODE_SIGN_STYLE = Automatic;
				DEVELOPMENT_TEAM = 5FK8753786;
				ENABLE_BITCODE = NO;
				FRAMEWORK_SEARCH_PATHS = (
					"$(inherited)",
					"$(PROJECT_DIR)/Carthage/Build/iOS",
				);
				INFOPLIST_FILE = ChanDit/Info.plist;
				IPHONEOS_DEPLOYMENT_TARGET = 11.4;
				LD_RUNPATH_SEARCH_PATHS = (
					"$(inherited)",
					"@executable_path/Frameworks",
				);
				PRODUCT_BUNDLE_IDENTIFIER = com.digitreko.chanDit;
				PRODUCT_NAME = "$(TARGET_NAME)";
				PROVISIONING_PROFILE_SPECIFIER = "";
				SWIFT_OBJC_BRIDGING_HEADER = "$(SRCROOT)/ChanDit/SwiftSimplePlayback-Bridging-Header.h";
				SWIFT_VERSION = 5.0;
				TARGETED_DEVICE_FAMILY = 1;
			};
			name = Release;
		};
/* End XCBuildConfiguration section */

/* Begin XCConfigurationList section */
		81921BD822F468DD007F4EFC /* Build configuration list for PBXProject "ChanDit" */ = {
			isa = XCConfigurationList;
			buildConfigurations = (
				81921BED22F468DE007F4EFC /* Debug */,
				81921BEE22F468DE007F4EFC /* Release */,
			);
			defaultConfigurationIsVisible = 0;
			defaultConfigurationName = Release;
		};
		81921BEF22F468DE007F4EFC /* Build configuration list for PBXNativeTarget "ChanDit" */ = {
			isa = XCConfigurationList;
			buildConfigurations = (
				81921BF022F468DE007F4EFC /* Debug */,
				81921BF122F468DE007F4EFC /* Release */,
			);
			defaultConfigurationIsVisible = 0;
			defaultConfigurationName = Release;
		};
/* End XCConfigurationList section */
	};
	rootObject = 81921BD522F468DD007F4EFC /* Project object */;
}
